github.com/TelenLiu/WeTextProcessing-go v0.0.2 h1:/5pp3CDtAOpMETsaKtwZNZGwUcxDNsdORELOJlfC4iM=
github.com/TelenLiu/WeTextProcessing-go v0.0.2/go.mod h1:rbjCo7nLjw1WSFn9yisGBpuXm3GxFXUAE5sUthc4iL0=
github.com/gunter-q12/resample v1.0.0 h1:wM25k7hrmPEU8rsLmjeS1FIW9cHSYvGt+SEsKEDBfBc=
github.com/gunter-q12/resample v1.0.0/go.mod h1:YgGSidTIw+kM8yQn2yVDtUaNGAjFMh/lprKkcfHo/K8=
github.com/yalue/onnxruntime_go v1.31.0 h1:1ln4YW1SFOFfGJZXe3jNOb2JUSt+l2pEneZfV8HdtFA=
github.com/yalue/onnxruntime_go v1.31.0/go.mod h1:b4X26A8pekNb1ACJ58wAXgNKeUCGEAQ9dmACut9Sm/4=
golang.org/x/exp v0.0.0-20250106191152-7588d65b2ba8 h1:yqrTHse8TCMW1M1ZCP+VAR/l0kKxwaAIqN/il7x4voA=
golang.org/x/exp v0.0.0-20250106191152-7588d65b2ba8/go.mod h1:tujkw807nyEEAamNbDrEGzRav+ilXA7PCRAd6xsmwiU=
golang.org/x/net v0.43.0 h1:lat02VYK2j4aLzMzecihNvTlJNQUq316m2Mr9rnM6YE=
golang.org/x/net v0.43.0/go.mod h1:vhO1fvI4dGsIjh73sWfUVjj3N7CA9WkKJNQm2svM6Jg=
